// !$*UTF8*$!
{
	archiveVersion = 1;
	classes = {
	};
	objectVersion = 46;
	objects = {

/* Begin PBXBuildFile section */
		35E85A701A58884700D8CBB8 /* main.m in Sources */ = {isa = PBXBuildFile; fileRef = 35E85A6F1A58884700D8CBB8 /* main.m */; };
		35E85A731A58884700D8CBB8 /* AppDelegate.m in Sources */ = {isa = PBXBuildFile; fileRef = 35E85A721A58884700D8CBB8 /* AppDelegate.m */; };
		35E85A791A58884700D8CBB8 /* Main.storyboard in Resources */ = {isa = PBXBuildFile; fileRef = 35E85A771A58884700D8CBB8 /* Main.storyboard */; };
		35E85A7B1A58884700D8CBB8 /* Images.xcassets in Resources */ = {isa = PBXBuildFile; fileRef = 35E85A7A1A58884700D8CBB8 /* Images.xcassets */; };
		35E85A7E1A58884700D8CBB8 /* LaunchScreen.xib in Resources */ = {isa = PBXBuildFile; fileRef = 35E85A7C1A58884700D8CBB8 /* LaunchScreen.xib */; };
		35E85A8A1A58884700D8CBB8 /* AstrometryTests.m in Sources */ = {isa = PBXBuildFile; fileRef = 35E85A891A58884700D8CBB8 /* AstrometryTests.m */; };
		35E85A961A58887B00D8CBB8 /* AstrometryService.m in Sources */ = {isa = PBXBuildFile; fileRef = 35E85A951A58887B00D8CBB8 /* AstrometryService.m */; };
		35E85A9E1A58A6CB00D8CBB8 /* JobsListViewController.m in Sources */ = {isa = PBXBuildFile; fileRef = 35E85A9D1A58A6CB00D8CBB8 /* JobsListViewController.m */; };
		35E85AA11A58A80A00D8CBB8 /* JobsListTableViewCell.m in Sources */ = {isa = PBXBuildFile; fileRef = 35E85AA01A58A80A00D8CBB8 /* JobsListTableViewCell.m */; };
		35E85AA61A58A85400D8CBB8 /* BasicTableViewCell.m in Sources */ = {isa = PBXBuildFile; fileRef = 35E85AA51A58A85400D8CBB8 /* BasicTableViewCell.m */; };
		35E85AAA1A58AAC400D8CBB8 /* AstrometryJob.m in Sources */ = {isa = PBXBuildFile; fileRef = 35E85AA91A58AAC400D8CBB8 /* AstrometryJob.m */; };
		35E85AAE1A58ADDD00D8CBB8 /* AlertDisplayer.m in Sources */ = {isa = PBXBuildFile; fileRef = 35E85AAD1A58ADDD00D8CBB8 /* AlertDisplayer.m */; };
		35E85AB31A58CB0F00D8CBB8 /* AstrometryJobViewModel.m in Sources */ = {isa = PBXBuildFile; fileRef = 35E85AB21A58CB0F00D8CBB8 /* AstrometryJobViewModel.m */; };
		35E85ABB1A58E60900D8CBB8 /* ResponseProcessorFactory.m in Sources */ = {isa = PBXBuildFile; fileRef = 35E85ABA1A58E60900D8CBB8 /* ResponseProcessorFactory.m */; };
		35E85AC01A58E84200D8CBB8 /* JobStatusResponseProcessor.m in Sources */ = {isa = PBXBuildFile; fileRef = 35E85ABF1A58E84200D8CBB8 /* JobStatusResponseProcessor.m */; };
		35E85AC61A58F27900D8CBB8 /* JobDetailViewController.m in Sources */ = {isa = PBXBuildFile; fileRef = 35E85AC51A58F27900D8CBB8 /* JobDetailViewController.m */; };
		35E85ACA1A59215000D8CBB8 /* WebKitViewController.m in Sources */ = {isa = PBXBuildFile; fileRef = 35E85AC91A59215000D8CBB8 /* WebKitViewController.m */; };
		35E85AD51A59C38500D8CBB8 /* ShareViewController.m in Sources */ = {isa = PBXBuildFile; fileRef = 35E85AD41A59C38500D8CBB8 /* ShareViewController.m */; };
		35E85AD71A59C38500D8CBB8 /* MainInterface.storyboard in Resources */ = {isa = PBXBuildFile; fileRef = 35E85AD61A59C38500D8CBB8 /* MainInterface.storyboard */; };
		35E85ADA1A59C38500D8CBB8 /* AstrometryShareImageExtension.appex in Embed App Extensions */ = {isa = PBXBuildFile; fileRef = 35E85ACF1A59C38500D8CBB8 /* AstrometryShareImageExtension.appex */; settings = {ATTRIBUTES = (RemoveHeadersOnCopy, ); }; };
		35E85AE11A5A2DA000D8CBB8 /* AstrometryService.m in Sources */ = {isa = PBXBuildFile; fileRef = 35E85A951A58887B00D8CBB8 /* AstrometryService.m */; };
		35E85AE21A5A2F1700D8CBB8 /* ResponseProcessorFactory.m in Sources */ = {isa = PBXBuildFile; fileRef = 35E85ABA1A58E60900D8CBB8 /* ResponseProcessorFactory.m */; };
		35E85AE31A5A2F1700D8CBB8 /* JobStatusResponseProcessor.m in Sources */ = {isa = PBXBuildFile; fileRef = 35E85ABF1A58E84200D8CBB8 /* JobStatusResponseProcessor.m */; };
		35E85AE51A5A325600D8CBB8 /* MobileCoreServices.framework in Frameworks */ = {isa = PBXBuildFile; fileRef = 35E85AE41A5A325600D8CBB8 /* MobileCoreServices.framework */; };
		35E85AE61A5A34F000D8CBB8 /* AstrometryJob.m in Sources */ = {isa = PBXBuildFile; fileRef = 35E85AA91A58AAC400D8CBB8 /* AstrometryJob.m */; };
		35E85AE71A5A34F000D8CBB8 /* AstrometryJobViewModel.m in Sources */ = {isa = PBXBuildFile; fileRef = 35E85AB21A58CB0F00D8CBB8 /* AstrometryJobViewModel.m */; };
/* End PBXBuildFile section */

/* Begin PBXContainerItemProxy section */
		35E85A841A58884700D8CBB8 /* PBXContainerItemProxy */ = {
			isa = PBXContainerItemProxy;
			containerPortal = 35E85A621A58884600D8CBB8 /* Project object */;
			proxyType = 1;
			remoteGlobalIDString = 35E85A691A58884700D8CBB8;
			remoteInfo = Astrometry;
		};
		35E85AD81A59C38500D8CBB8 /* PBXContainerItemProxy */ = {
			isa = PBXContainerItemProxy;
			containerPortal = 35E85A621A58884600D8CBB8 /* Project object */;
			proxyType = 1;
			remoteGlobalIDString = 35E85ACE1A59C38500D8CBB8;
			remoteInfo = AstrometryShareImageExtension;
		};
/* End PBXContainerItemProxy section */

/* Begin PBXCopyFilesBuildPhase section */
		35E85ADE1A59C38500D8CBB8 /* Embed App Extensions */ = {
			isa = PBXCopyFilesBuildPhase;
			buildActionMask = 2147483647;
			dstPath = "";
			dstSubfolderSpec = 13;
			files = (
				35E85ADA1A59C38500D8CBB8 /* AstrometryShareImageExtension.appex in Embed App Extensions */,
			);
			name = "Embed App Extensions";
			runOnlyForDeploymentPostprocessing = 0;
		};
/* End PBXCopyFilesBuildPhase section */

/* Begin PBXFileReference section */
		35E85A6A1A58884700D8CBB8 /* Astrometry.app */ = {isa = PBXFileReference; explicitFileType = wrapper.application; includeInIndex = 0; path = Astrometry.app; sourceTree = BUILT_PRODUCTS_DIR; };
		35E85A6E1A58884700D8CBB8 /* Info.plist */ = {isa = PBXFileReference; lastKnownFileType = text.plist.xml; path = Info.plist; sourceTree = "<group>"; };
		35E85A6F1A58884700D8CBB8 /* main.m */ = {isa = PBXFileReference; lastKnownFileType = sourcecode.c.objc; path = main.m; sourceTree = "<group>"; };
		35E85A711A58884700D8CBB8 /* AppDelegate.h */ = {isa = PBXFileReference; lastKnownFileType = sourcecode.c.h; path = AppDelegate.h; sourceTree = "<group>"; };
		35E85A721A58884700D8CBB8 /* AppDelegate.m */ = {isa = PBXFileReference; lastKnownFileType = sourcecode.c.objc; path = AppDelegate.m; sourceTree = "<group>"; };
		35E85A781A58884700D8CBB8 /* Base */ = {isa = PBXFileReference; lastKnownFileType = file.storyboard; name = Base; path = Base.lproj/Main.storyboard; sourceTree = "<group>"; };
		35E85A7A1A58884700D8CBB8 /* Images.xcassets */ = {isa = PBXFileReference; lastKnownFileType = folder.assetcatalog; path = Images.xcassets; sourceTree = "<group>"; };
		35E85A7D1A58884700D8CBB8 /* Base */ = {isa = PBXFileReference; lastKnownFileType = file.xib; name = Base; path = Base.lproj/LaunchScreen.xib; sourceTree = "<group>"; };
		35E85A831A58884700D8CBB8 /* AstrometryTests.xctest */ = {isa = PBXFileReference; explicitFileType = wrapper.cfbundle; includeInIndex = 0; path = AstrometryTests.xctest; sourceTree = BUILT_PRODUCTS_DIR; };
		35E85A881A58884700D8CBB8 /* Info.plist */ = {isa = PBXFileReference; lastKnownFileType = text.plist.xml; path = Info.plist; sourceTree = "<group>"; };
		35E85A891A58884700D8CBB8 /* AstrometryTests.m */ = {isa = PBXFileReference; lastKnownFileType = sourcecode.c.objc; path = AstrometryTests.m; sourceTree = "<group>"; };
		35E85A941A58887B00D8CBB8 /* AstrometryService.h */ = {isa = PBXFileReference; fileEncoding = 4; lastKnownFileType = sourcecode.c.h; path = AstrometryService.h; sourceTree = "<group>"; };
		35E85A951A58887B00D8CBB8 /* AstrometryService.m */ = {isa = PBXFileReference; fileEncoding = 4; lastKnownFileType = sourcecode.c.objc; path = AstrometryService.m; sourceTree = "<group>"; };
		35E85A9C1A58A6CB00D8CBB8 /* JobsListViewController.h */ = {isa = PBXFileReference; fileEncoding = 4; lastKnownFileType = sourcecode.c.h; path = JobsListViewController.h; sourceTree = "<group>"; };
		35E85A9D1A58A6CB00D8CBB8 /* JobsListViewController.m */ = {isa = PBXFileReference; fileEncoding = 4; lastKnownFileType = sourcecode.c.objc; path = JobsListViewController.m; sourceTree = "<group>"; };
		35E85A9F1A58A80A00D8CBB8 /* JobsListTableViewCell.h */ = {isa = PBXFileReference; fileEncoding = 4; lastKnownFileType = sourcecode.c.h; path = JobsListTableViewCell.h; sourceTree = "<group>"; };
		35E85AA01A58A80A00D8CBB8 /* JobsListTableViewCell.m */ = {isa = PBXFileReference; fileEncoding = 4; lastKnownFileType = sourcecode.c.objc; path = JobsListTableViewCell.m; sourceTree = "<group>"; };
		35E85AA41A58A85400D8CBB8 /* BasicTableViewCell.h */ = {isa = PBXFileReference; fileEncoding = 4; lastKnownFileType = sourcecode.c.h; path = BasicTableViewCell.h; sourceTree = "<group>"; };
		35E85AA51A58A85400D8CBB8 /* BasicTableViewCell.m */ = {isa = PBXFileReference; fileEncoding = 4; lastKnownFileType = sourcecode.c.objc; path = BasicTableViewCell.m; sourceTree = "<group>"; };
		35E85AA81A58AAC400D8CBB8 /* AstrometryJob.h */ = {isa = PBXFileReference; fileEncoding = 4; lastKnownFileType = sourcecode.c.h; path = AstrometryJob.h; sourceTree = "<group>"; };
		35E85AA91A58AAC400D8CBB8 /* AstrometryJob.m */ = {isa = PBXFileReference; fileEncoding = 4; lastKnownFileType = sourcecode.c.objc; path = AstrometryJob.m; sourceTree = "<group>"; };
		35E85AAC1A58ADDD00D8CBB8 /* AlertDisplayer.h */ = {isa = PBXFileReference; fileEncoding = 4; lastKnownFileType = sourcecode.c.h; path = AlertDisplayer.h; sourceTree = "<group>"; };
		35E85AAD1A58ADDD00D8CBB8 /* AlertDisplayer.m */ = {isa = PBXFileReference; fileEncoding = 4; lastKnownFileType = sourcecode.c.objc; path = AlertDisplayer.m; sourceTree = "<group>"; };
		35E85AAF1A58AE8300D8CBB8 /* PrefixHeader.pch */ = {isa = PBXFileReference; lastKnownFileType = sourcecode.c.h; path = PrefixHeader.pch; sourceTree = "<group>"; };
		35E85AB11A58CB0F00D8CBB8 /* AstrometryJobViewModel.h */ = {isa = PBXFileReference; fileEncoding = 4; lastKnownFileType = sourcecode.c.h; path = AstrometryJobViewModel.h; sourceTree = "<group>"; };
		35E85AB21A58CB0F00D8CBB8 /* AstrometryJobViewModel.m */ = {isa = PBXFileReference; fileEncoding = 4; lastKnownFileType = sourcecode.c.objc; path = AstrometryJobViewModel.m; sourceTree = "<group>"; };
		35E85AB41A58CCC800D8CBB8 /* ViewModelProtocol.h */ = {isa = PBXFileReference; fileEncoding = 4; lastKnownFileType = sourcecode.c.h; path = ViewModelProtocol.h; sourceTree = "<group>"; };
		35E85AB81A58E50900D8CBB8 /* AstrometryServiceGenericCallbacks.h */ = {isa = PBXFileReference; lastKnownFileType = sourcecode.c.h; path = AstrometryServiceGenericCallbacks.h; sourceTree = "<group>"; };
		35E85AB91A58E60900D8CBB8 /* ResponseProcessorFactory.h */ = {isa = PBXFileReference; fileEncoding = 4; lastKnownFileType = sourcecode.c.h; path = ResponseProcessorFactory.h; sourceTree = "<group>"; };
		35E85ABA1A58E60900D8CBB8 /* ResponseProcessorFactory.m */ = {isa = PBXFileReference; fileEncoding = 4; lastKnownFileType = sourcecode.c.objc; path = ResponseProcessorFactory.m; sourceTree = "<group>"; };
		35E85ABC1A58E64600D8CBB8 /* ResponseProcessor.h */ = {isa = PBXFileReference; fileEncoding = 4; lastKnownFileType = sourcecode.c.h; path = ResponseProcessor.h; sourceTree = "<group>"; };
		35E85ABE1A58E84200D8CBB8 /* JobStatusResponseProcessor.h */ = {isa = PBXFileReference; fileEncoding = 4; lastKnownFileType = sourcecode.c.h; path = JobStatusResponseProcessor.h; sourceTree = "<group>"; };
		35E85ABF1A58E84200D8CBB8 /* JobStatusResponseProcessor.m */ = {isa = PBXFileReference; fileEncoding = 4; lastKnownFileType = sourcecode.c.objc; path = JobStatusResponseProcessor.m; sourceTree = "<group>"; };
		35E85AC41A58F27900D8CBB8 /* JobDetailViewController.h */ = {isa = PBXFileReference; fileEncoding = 4; lastKnownFileType = sourcecode.c.h; path = JobDetailViewController.h; sourceTree = "<group>"; };
		35E85AC51A58F27900D8CBB8 /* JobDetailViewController.m */ = {isa = PBXFileReference; fileEncoding = 4; lastKnownFileType = sourcecode.c.objc; path = JobDetailViewController.m; sourceTree = "<group>"; };
		35E85AC81A59215000D8CBB8 /* WebKitViewController.h */ = {isa = PBXFileReference; fileEncoding = 4; lastKnownFileType = sourcecode.c.h; path = WebKitViewController.h; sourceTree = "<group>"; };
		35E85AC91A59215000D8CBB8 /* WebKitViewController.m */ = {isa = PBXFileReference; fileEncoding = 4; lastKnownFileType = sourcecode.c.objc; path = WebKitViewController.m; sourceTree = "<group>"; };
		35E85ACF1A59C38500D8CBB8 /* AstrometryShareImageExtension.appex */ = {isa = PBXFileReference; explicitFileType = "wrapper.app-extension"; includeInIndex = 0; path = AstrometryShareImageExtension.appex; sourceTree = BUILT_PRODUCTS_DIR; };
		35E85AD21A59C38500D8CBB8 /* Info.plist */ = {isa = PBXFileReference; lastKnownFileType = text.plist.xml; path = Info.plist; sourceTree = "<group>"; };
		35E85AD31A59C38500D8CBB8 /* ShareViewController.h */ = {isa = PBXFileReference; lastKnownFileType = sourcecode.c.h; path = ShareViewController.h; sourceTree = "<group>"; };
		35E85AD41A59C38500D8CBB8 /* ShareViewController.m */ = {isa = PBXFileReference; lastKnownFileType = sourcecode.c.objc; path = ShareViewController.m; sourceTree = "<group>"; };
		35E85AD61A59C38500D8CBB8 /* MainInterface.storyboard */ = {isa = PBXFileReference; lastKnownFileType = file.storyboard; path = MainInterface.storyboard; sourceTree = "<group>"; };
		35E85ADF1A5A2B6F00D8CBB8 /* Astrometry.entitlements */ = {isa = PBXFileReference; lastKnownFileType = text.xml; path = Astrometry.entitlements; sourceTree = "<group>"; };
		35E85AE01A5A2B7500D8CBB8 /* AstrometryShareImageExtension.entitlements */ = {isa = PBXFileReference; lastKnownFileType = text.xml; path = AstrometryShareImageExtension.entitlements; sourceTree = "<group>"; };
		35E85AE41A5A325600D8CBB8 /* MobileCoreServices.framework */ = {isa = PBXFileReference; lastKnownFileType = wrapper.framework; name = MobileCoreServices.framework; path = System/Library/Frameworks/MobileCoreServices.framework; sourceTree = SDKROOT; };
/* End PBXFileReference section */

/* Begin PBXFrameworksBuildPhase section */
		35E85A671A58884700D8CBB8 /* Frameworks */ = {
			isa = PBXFrameworksBuildPhase;
			buildActionMask = 2147483647;
			files = (
			);
			runOnlyForDeploymentPostprocessing = 0;
		};
		35E85A801A58884700D8CBB8 /* Frameworks */ = {
			isa = PBXFrameworksBuildPhase;
			buildActionMask = 2147483647;
			files = (
			);
			runOnlyForDeploymentPostprocessing = 0;
		};
		35E85ACC1A59C38500D8CBB8 /* Frameworks */ = {
			isa = PBXFrameworksBuildPhase;
			buildActionMask = 2147483647;
			files = (
				35E85AE51A5A325600D8CBB8 /* MobileCoreServices.framework in Frameworks */,
			);
			runOnlyForDeploymentPostprocessing = 0;
		};
/* End PBXFrameworksBuildPhase section */

/* Begin PBXGroup section */
		35E85A611A58884600D8CBB8 = {
			isa = PBXGroup;
			children = (
				35E85A6C1A58884700D8CBB8 /* Astrometry */,
				35E85A861A58884700D8CBB8 /* AstrometryTests */,
				35E85AD01A59C38500D8CBB8 /* AstrometryShareImageExtension */,
				35E85A6B1A58884700D8CBB8 /* Products */,
			);
			sourceTree = "<group>";
		};
		35E85A6B1A58884700D8CBB8 /* Products */ = {
			isa = PBXGroup;
			children = (
				35E85A6A1A58884700D8CBB8 /* Astrometry.app */,
				35E85A831A58884700D8CBB8 /* AstrometryTests.xctest */,
				35E85ACF1A59C38500D8CBB8 /* AstrometryShareImageExtension.appex */,
			);
			name = Products;
			sourceTree = "<group>";
		};
		35E85A6C1A58884700D8CBB8 /* Astrometry */ = {
			isa = PBXGroup;
			children = (
				35E85ADF1A5A2B6F00D8CBB8 /* Astrometry.entitlements */,
				35E85AAB1A58ADCD00D8CBB8 /* Helpers */,
				35E85AA71A58AAB300D8CBB8 /* Model */,
				35E85AA31A58A83F00D8CBB8 /* Basic Cell */,
				35E85AA21A58A81C00D8CBB8 /* Protocols */,
				35E85A971A58A68900D8CBB8 /* View controllers */,
				35E85A931A58886800D8CBB8 /* Service */,
				35E85A711A58884700D8CBB8 /* AppDelegate.h */,
				35E85A721A58884700D8CBB8 /* AppDelegate.m */,
				35E85A771A58884700D8CBB8 /* Main.storyboard */,
				35E85A7A1A58884700D8CBB8 /* Images.xcassets */,
				35E85A7C1A58884700D8CBB8 /* LaunchScreen.xib */,
				35E85A6D1A58884700D8CBB8 /* Supporting Files */,
			);
			path = Astrometry;
			sourceTree = "<group>";
		};
		35E85A6D1A58884700D8CBB8 /* Supporting Files */ = {
			isa = PBXGroup;
			children = (
				35E85A6E1A58884700D8CBB8 /* Info.plist */,
				35E85A6F1A58884700D8CBB8 /* main.m */,
				35E85AAF1A58AE8300D8CBB8 /* PrefixHeader.pch */,
			);
			name = "Supporting Files";
			sourceTree = "<group>";
		};
		35E85A861A58884700D8CBB8 /* AstrometryTests */ = {
			isa = PBXGroup;
			children = (
				35E85A891A58884700D8CBB8 /* AstrometryTests.m */,
				35E85A871A58884700D8CBB8 /* Supporting Files */,
			);
			path = AstrometryTests;
			sourceTree = "<group>";
		};
		35E85A871A58884700D8CBB8 /* Supporting Files */ = {
			isa = PBXGroup;
			children = (
				35E85A881A58884700D8CBB8 /* Info.plist */,
			);
			name = "Supporting Files";
			sourceTree = "<group>";
		};
		35E85A931A58886800D8CBB8 /* Service */ = {
			isa = PBXGroup;
			children = (
				35E85ABD1A58E70500D8CBB8 /* Response processors */,
				35E85AB81A58E50900D8CBB8 /* AstrometryServiceGenericCallbacks.h */,
				35E85A941A58887B00D8CBB8 /* AstrometryService.h */,
				35E85A951A58887B00D8CBB8 /* AstrometryService.m */,
			);
			name = Service;
			sourceTree = "<group>";
		};
		35E85A971A58A68900D8CBB8 /* View controllers */ = {
			isa = PBXGroup;
			children = (
				35E85AC71A59213A00D8CBB8 /* WebKit Controller */,
				35E85AC31A58F25400D8CBB8 /* Job detail */,
				35E85A981A58A69300D8CBB8 /* Jobs list */,
			);
			name = "View controllers";
			sourceTree = "<group>";
		};
		35E85A981A58A69300D8CBB8 /* Jobs list */ = {
			isa = PBXGroup;
			children = (
				35E85A9C1A58A6CB00D8CBB8 /* JobsListViewController.h */,
				35E85A9D1A58A6CB00D8CBB8 /* JobsListViewController.m */,
				35E85A9F1A58A80A00D8CBB8 /* JobsListTableViewCell.h */,
				35E85AA01A58A80A00D8CBB8 /* JobsListTableViewCell.m */,
			);
			name = "Jobs list";
			sourceTree = "<group>";
		};
		35E85AA21A58A81C00D8CBB8 /* Protocols */ = {
			isa = PBXGroup;
			children = (
				35E85AB41A58CCC800D8CBB8 /* ViewModelProtocol.h */,
			);
			name = Protocols;
			sourceTree = "<group>";
		};
		35E85AA31A58A83F00D8CBB8 /* Basic Cell */ = {
			isa = PBXGroup;
			children = (
				35E85AA41A58A85400D8CBB8 /* BasicTableViewCell.h */,
				35E85AA51A58A85400D8CBB8 /* BasicTableViewCell.m */,
			);
			name = "Basic Cell";
			sourceTree = "<group>";
		};
		35E85AA71A58AAB300D8CBB8 /* Model */ = {
			isa = PBXGroup;
			children = (
				35E85AB01A58CAD600D8CBB8 /* Astrometry Job */,
			);
			name = Model;
			sourceTree = "<group>";
		};
		35E85AAB1A58ADCD00D8CBB8 /* Helpers */ = {
			isa = PBXGroup;
			children = (
				35E85AAC1A58ADDD00D8CBB8 /* AlertDisplayer.h */,
				35E85AAD1A58ADDD00D8CBB8 /* AlertDisplayer.m */,
			);
			name = Helpers;
			sourceTree = "<group>";
		};
		35E85AB01A58CAD600D8CBB8 /* Astrometry Job */ = {
			isa = PBXGroup;
			children = (
				35E85AA81A58AAC400D8CBB8 /* AstrometryJob.h */,
				35E85AA91A58AAC400D8CBB8 /* AstrometryJob.m */,
				35E85AB11A58CB0F00D8CBB8 /* AstrometryJobViewModel.h */,
				35E85AB21A58CB0F00D8CBB8 /* AstrometryJobViewModel.m */,
			);
			name = "Astrometry Job";
			sourceTree = "<group>";
		};
		35E85ABD1A58E70500D8CBB8 /* Response processors */ = {
			isa = PBXGroup;
			children = (
				35E85AC11A58EAF400D8CBB8 /* Framework */,
				35E85AC21A58EAFC00D8CBB8 /* Implementations */,
			);
			name = "Response processors";
			sourceTree = "<group>";
		};
		35E85AC11A58EAF400D8CBB8 /* Framework */ = {
			isa = PBXGroup;
			children = (
				35E85ABC1A58E64600D8CBB8 /* ResponseProcessor.h */,
				35E85AB91A58E60900D8CBB8 /* ResponseProcessorFactory.h */,
				35E85ABA1A58E60900D8CBB8 /* ResponseProcessorFactory.m */,
			);
			name = Framework;
			sourceTree = "<group>";
		};
		35E85AC21A58EAFC00D8CBB8 /* Implementations */ = {
			isa = PBXGroup;
			children = (
				35E85ABE1A58E84200D8CBB8 /* JobStatusResponseProcessor.h */,
				35E85ABF1A58E84200D8CBB8 /* JobStatusResponseProcessor.m */,
			);
			name = Implementations;
			sourceTree = "<group>";
		};
		35E85AC31A58F25400D8CBB8 /* Job detail */ = {
			isa = PBXGroup;
			children = (
				35E85AC41A58F27900D8CBB8 /* JobDetailViewController.h */,
				35E85AC51A58F27900D8CBB8 /* JobDetailViewController.m */,
			);
			name = "Job detail";
			sourceTree = "<group>";
		};
		35E85AC71A59213A00D8CBB8 /* WebKit Controller */ = {
			isa = PBXGroup;
			children = (
				35E85AC81A59215000D8CBB8 /* WebKitViewController.h */,
				35E85AC91A59215000D8CBB8 /* WebKitViewController.m */,
			);
			name = "WebKit Controller";
			sourceTree = "<group>";
		};
		35E85AD01A59C38500D8CBB8 /* AstrometryShareImageExtension */ = {
			isa = PBXGroup;
			children = (
				35E85AE01A5A2B7500D8CBB8 /* AstrometryShareImageExtension.entitlements */,
				35E85AD31A59C38500D8CBB8 /* ShareViewController.h */,
				35E85AD41A59C38500D8CBB8 /* ShareViewController.m */,
				35E85AD61A59C38500D8CBB8 /* MainInterface.storyboard */,
				35E85AD11A59C38500D8CBB8 /* Supporting Files */,
			);
			path = AstrometryShareImageExtension;
			sourceTree = "<group>";
		};
		35E85AD11A59C38500D8CBB8 /* Supporting Files */ = {
			isa = PBXGroup;
			children = (
				35E85AE41A5A325600D8CBB8 /* MobileCoreServices.framework */,
				35E85AD21A59C38500D8CBB8 /* Info.plist */,
			);
			name = "Supporting Files";
			sourceTree = "<group>";
		};
/* End PBXGroup section */

/* Begin PBXNativeTarget section */
		35E85A691A58884700D8CBB8 /* Astrometry */ = {
			isa = PBXNativeTarget;
			buildConfigurationList = 35E85A8D1A58884700D8CBB8 /* Build configuration list for PBXNativeTarget "Astrometry" */;
			buildPhases = (
				35E85A661A58884700D8CBB8 /* Sources */,
				35E85A671A58884700D8CBB8 /* Frameworks */,
				35E85A681A58884700D8CBB8 /* Resources */,
				35E85ADE1A59C38500D8CBB8 /* Embed App Extensions */,
			);
			buildRules = (
			);
			dependencies = (
				35E85AD91A59C38500D8CBB8 /* PBXTargetDependency */,
			);
			name = Astrometry;
			productName = Astrometry;
			productReference = 35E85A6A1A58884700D8CBB8 /* Astrometry.app */;
			productType = "com.apple.product-type.application";
		};
		35E85A821A58884700D8CBB8 /* AstrometryTests */ = {
			isa = PBXNativeTarget;
			buildConfigurationList = 35E85A901A58884700D8CBB8 /* Build configuration list for PBXNativeTarget "AstrometryTests" */;
			buildPhases = (
				35E85A7F1A58884700D8CBB8 /* Sources */,
				35E85A801A58884700D8CBB8 /* Frameworks */,
				35E85A811A58884700D8CBB8 /* Resources */,
			);
			buildRules = (
			);
			dependencies = (
				35E85A851A58884700D8CBB8 /* PBXTargetDependency */,
			);
			name = AstrometryTests;
			productName = AstrometryTests;
			productReference = 35E85A831A58884700D8CBB8 /* AstrometryTests.xctest */;
			productType = "com.apple.product-type.bundle.unit-test";
		};
		35E85ACE1A59C38500D8CBB8 /* AstrometryShareImageExtension */ = {
			isa = PBXNativeTarget;
			buildConfigurationList = 35E85ADB1A59C38500D8CBB8 /* Build configuration list for PBXNativeTarget "AstrometryShareImageExtension" */;
			buildPhases = (
				35E85ACB1A59C38500D8CBB8 /* Sources */,
				35E85ACC1A59C38500D8CBB8 /* Frameworks */,
				35E85ACD1A59C38500D8CBB8 /* Resources */,
			);
			buildRules = (
			);
			dependencies = (
			);
			name = AstrometryShareImageExtension;
			productName = AstrometryShareImageExtension;
			productReference = 35E85ACF1A59C38500D8CBB8 /* AstrometryShareImageExtension.appex */;
			productType = "com.apple.product-type.app-extension";
		};
/* End PBXNativeTarget section */

/* Begin PBXProject section */
		35E85A621A58884600D8CBB8 /* Project object */ = {
			isa = PBXProject;
			attributes = {
				LastUpgradeCheck = 0610;
				ORGANIZATIONNAME = "Nicolas Ameghino";
				TargetAttributes = {
					35E85A691A58884700D8CBB8 = {
						CreatedOnToolsVersion = 6.1.1;
						DevelopmentTeam = A45WY99R85;
						SystemCapabilities = {
							com.apple.ApplicationGroups.iOS = {
								enabled = 1;
							};
						};
					};
					35E85A821A58884700D8CBB8 = {
						CreatedOnToolsVersion = 6.1.1;
						TestTargetID = 35E85A691A58884700D8CBB8;
					};
					35E85ACE1A59C38500D8CBB8 = {
						CreatedOnToolsVersion = 6.1.1;
						DevelopmentTeam = A45WY99R85;
						SystemCapabilities = {
							com.apple.ApplicationGroups.iOS = {
								enabled = 1;
							};
						};
					};
				};
			};
			buildConfigurationList = 35E85A651A58884600D8CBB8 /* Build configuration list for PBXProject "Astrometry" */;
			compatibilityVersion = "Xcode 3.2";
			developmentRegion = English;
			hasScannedForEncodings = 0;
			knownRegions = (
				en,
				Base,
			);
			mainGroup = 35E85A611A58884600D8CBB8;
			productRefGroup = 35E85A6B1A58884700D8CBB8 /* Products */;
			projectDirPath = "";
			projectRoot = "";
			targets = (
				35E85A691A58884700D8CBB8 /* Astrometry */,
				35E85A821A58884700D8CBB8 /* AstrometryTests */,
				35E85ACE1A59C38500D8CBB8 /* AstrometryShareImageExtension */,
			);
		};
/* End PBXProject section */

/* Begin PBXResourcesBuildPhase section */
		35E85A681A58884700D8CBB8 /* Resources */ = {
			isa = PBXResourcesBuildPhase;
			buildActionMask = 2147483647;
			files = (
				35E85A791A58884700D8CBB8 /* Main.storyboard in Resources */,
				35E85A7E1A58884700D8CBB8 /* LaunchScreen.xib in Resources */,
				35E85A7B1A58884700D8CBB8 /* Images.xcassets in Resources */,
			);
			runOnlyForDeploymentPostprocessing = 0;
		};
		35E85A811A58884700D8CBB8 /* Resources */ = {
			isa = PBXResourcesBuildPhase;
			buildActionMask = 2147483647;
			files = (
			);
			runOnlyForDeploymentPostprocessing = 0;
		};
		35E85ACD1A59C38500D8CBB8 /* Resources */ = {
			isa = PBXResourcesBuildPhase;
			buildActionMask = 2147483647;
			files = (
				35E85AD71A59C38500D8CBB8 /* MainInterface.storyboard in Resources */,
			);
			runOnlyForDeploymentPostprocessing = 0;
		};
/* End PBXResourcesBuildPhase section */

/* Begin PBXSourcesBuildPhase section */
		35E85A661A58884700D8CBB8 /* Sources */ = {
			isa = PBXSourcesBuildPhase;
			buildActionMask = 2147483647;
			files = (
				35E85AAE1A58ADDD00D8CBB8 /* AlertDisplayer.m in Sources */,
				35E85A961A58887B00D8CBB8 /* AstrometryService.m in Sources */,
				35E85AB31A58CB0F00D8CBB8 /* AstrometryJobViewModel.m in Sources */,
				35E85AAA1A58AAC400D8CBB8 /* AstrometryJob.m in Sources */,
				35E85A731A58884700D8CBB8 /* AppDelegate.m in Sources */,
				35E85AA11A58A80A00D8CBB8 /* JobsListTableViewCell.m in Sources */,
				35E85AC01A58E84200D8CBB8 /* JobStatusResponseProcessor.m in Sources */,
				35E85A701A58884700D8CBB8 /* main.m in Sources */,
				35E85AA61A58A85400D8CBB8 /* BasicTableViewCell.m in Sources */,
				35E85AC61A58F27900D8CBB8 /* JobDetailViewController.m in Sources */,
				35E85ACA1A59215000D8CBB8 /* WebKitViewController.m in Sources */,
				35E85A9E1A58A6CB00D8CBB8 /* JobsListViewController.m in Sources */,
				35E85ABB1A58E60900D8CBB8 /* ResponseProcessorFactory.m in Sources */,
			);
			runOnlyForDeploymentPostprocessing = 0;
		};
		35E85A7F1A58884700D8CBB8 /* Sources */ = {
			isa = PBXSourcesBuildPhase;
			buildActionMask = 2147483647;
			files = (
				35E85A8A1A58884700D8CBB8 /* AstrometryTests.m in Sources */,
			);
			runOnlyForDeploymentPostprocessing = 0;
		};
		35E85ACB1A59C38500D8CBB8 /* Sources */ = {
			isa = PBXSourcesBuildPhase;
			buildActionMask = 2147483647;
			files = (
				35E85AD51A59C38500D8CBB8 /* ShareViewController.m in Sources */,
				35E85AE31A5A2F1700D8CBB8 /* JobStatusResponseProcessor.m in Sources */,
				35E85AE71A5A34F000D8CBB8 /* AstrometryJobViewModel.m in Sources */,
				35E85AE11A5A2DA000D8CBB8 /* AstrometryService.m in Sources */,
				35E85AE61A5A34F000D8CBB8 /* AstrometryJob.m in Sources */,
				35E85AE21A5A2F1700D8CBB8 /* ResponseProcessorFactory.m in Sources */,
			);
			runOnlyForDeploymentPostprocessing = 0;
		};
/* End PBXSourcesBuildPhase section */

/* Begin PBXTargetDependency section */
		35E85A851A58884700D8CBB8 /* PBXTargetDependency */ = {
			isa = PBXTargetDependency;
			target = 35E85A691A58884700D8CBB8 /* Astrometry */;
			targetProxy = 35E85A841A58884700D8CBB8 /* PBXContainerItemProxy */;
		};
		35E85AD91A59C38500D8CBB8 /* PBXTargetDependency */ = {
			isa = PBXTargetDependency;
			target = 35E85ACE1A59C38500D8CBB8 /* AstrometryShareImageExtension */;
			targetProxy = 35E85AD81A59C38500D8CBB8 /* PBXContainerItemProxy */;
		};
/* End PBXTargetDependency section */

/* Begin PBXVariantGroup section */
		35E85A771A58884700D8CBB8 /* Main.storyboard */ = {
			isa = PBXVariantGroup;
			children = (
				35E85A781A58884700D8CBB8 /* Base */,
			);
			name = Main.storyboard;
			sourceTree = "<group>";
		};
		35E85A7C1A58884700D8CBB8 /* LaunchScreen.xib */ = {
			isa = PBXVariantGroup;
			children = (
				35E85A7D1A58884700D8CBB8 /* Base */,
			);
			name = LaunchScreen.xib;
			sourceTree = "<group>";
		};
/* End PBXVariantGroup section */

/* Begin XCBuildConfiguration section */
		35E85A8B1A58884700D8CBB8 /* Debug */ = {
			isa = XCBuildConfiguration;
			buildSettings = {
				ALWAYS_SEARCH_USER_PATHS = NO;
				CLANG_CXX_LANGUAGE_STANDARD = "gnu++0x";
				CLANG_CXX_LIBRARY = "libc++";
				CLANG_ENABLE_MODULES = YES;
				CLANG_ENABLE_OBJC_ARC = YES;
				CLANG_WARN_BOOL_CONVERSION = YES;
				CLANG_WARN_CONSTANT_CONVERSION = YES;
				CLANG_WARN_DIRECT_OBJC_ISA_USAGE = YES_ERROR;
				CLANG_WARN_EMPTY_BODY = YES;
				CLANG_WARN_ENUM_CONVERSION = YES;
				CLANG_WARN_INT_CONVERSION = YES;
				CLANG_WARN_OBJC_ROOT_CLASS = YES_ERROR;
				CLANG_WARN_UNREACHABLE_CODE = YES;
				CLANG_WARN__DUPLICATE_METHOD_MATCH = YES;
				"CODE_SIGN_IDENTITY[sdk=iphoneos*]" = "iPhone Developer";
				COPY_PHASE_STRIP = NO;
				ENABLE_STRICT_OBJC_MSGSEND = YES;
				GCC_C_LANGUAGE_STANDARD = gnu99;
				GCC_DYNAMIC_NO_PIC = NO;
				GCC_OPTIMIZATION_LEVEL = 0;
				GCC_PREFIX_HEADER = Astrometry/PrefixHeader.pch;
				GCC_PREPROCESSOR_DEFINITIONS = (
					"DEBUG=1",
					"$(inherited)",
				);
				GCC_SYMBOLS_PRIVATE_EXTERN = NO;
				GCC_WARN_64_TO_32_BIT_CONVERSION = YES;
				GCC_WARN_ABOUT_RETURN_TYPE = YES_ERROR;
				GCC_WARN_UNDECLARED_SELECTOR = YES;
				GCC_WARN_UNINITIALIZED_AUTOS = YES_AGGRESSIVE;
				GCC_WARN_UNUSED_FUNCTION = YES;
				GCC_WARN_UNUSED_VARIABLE = YES;
				IPHONEOS_DEPLOYMENT_TARGET = 8.1;
				MTL_ENABLE_DEBUG_INFO = YES;
				ONLY_ACTIVE_ARCH = YES;
				SDKROOT = iphoneos;
			};
			name = Debug;
		};
		35E85A8C1A58884700D8CBB8 /* Release */ = {
			isa = XCBuildConfiguration;
			buildSettings = {
				ALWAYS_SEARCH_USER_PATHS = NO;
				CLANG_CXX_LANGUAGE_STANDARD = "gnu++0x";
				CLANG_CXX_LIBRARY = "libc++";
				CLANG_ENABLE_MODULES = YES;
				CLANG_ENABLE_OBJC_ARC = YES;
				CLANG_WARN_BOOL_CONVERSION = YES;
				CLANG_WARN_CONSTANT_CONVERSION = YES;
				CLANG_WARN_DIRECT_OBJC_ISA_USAGE = YES_ERROR;
				CLANG_WARN_EMPTY_BODY = YES;
				CLANG_WARN_ENUM_CONVERSION = YES;
				CLANG_WARN_INT_CONVERSION = YES;
				CLANG_WARN_OBJC_ROOT_CLASS = YES_ERROR;
				CLANG_WARN_UNREACHABLE_CODE = YES;
				CLANG_WARN__DUPLICATE_METHOD_MATCH = YES;
				"CODE_SIGN_IDENTITY[sdk=iphoneos*]" = "iPhone Developer";
				COPY_PHASE_STRIP = YES;
				ENABLE_NS_ASSERTIONS = NO;
				ENABLE_STRICT_OBJC_MSGSEND = YES;
				GCC_C_LANGUAGE_STANDARD = gnu99;
				GCC_PREFIX_HEADER = Astrometry/PrefixHeader.pch;
				GCC_WARN_64_TO_32_BIT_CONVERSION = YES;
				GCC_WARN_ABOUT_RETURN_TYPE = YES_ERROR;
				GCC_WARN_UNDECLARED_SELECTOR = YES;
				GCC_WARN_UNINITIALIZED_AUTOS = YES_AGGRESSIVE;
				GCC_WARN_UNUSED_FUNCTION = YES;
				GCC_WARN_UNUSED_VARIABLE = YES;
				IPHONEOS_DEPLOYMENT_TARGET = 8.1;
				MTL_ENABLE_DEBUG_INFO = NO;
				SDKROOT = iphoneos;
				VALIDATE_PRODUCT = YES;
			};
			name = Release;
		};
		35E85A8E1A58884700D8CBB8 /* Debug */ = {
			isa = XCBuildConfiguration;
			buildSettings = {
				ASSETCATALOG_COMPILER_APPICON_NAME = AppIcon;
				CODE_SIGN_ENTITLEMENTS = Astrometry/Astrometry.entitlements;
				CODE_SIGN_IDENTITY = "iPhone Developer";
				"CODE_SIGN_IDENTITY[sdk=iphoneos*]" = "iPhone Developer";
				INFOPLIST_FILE = Astrometry/Info.plist;
				IPHONEOS_DEPLOYMENT_TARGET = 8.0;
				LD_RUNPATH_SEARCH_PATHS = "$(inherited) @executable_path/Frameworks";
				PRODUCT_NAME = "$(TARGET_NAME)";
				PROVISIONING_PROFILE = "";
			};
			name = Debug;
		};
		35E85A8F1A58884700D8CBB8 /* Release */ = {
			isa = XCBuildConfiguration;
			buildSettings = {
				ASSETCATALOG_COMPILER_APPICON_NAME = AppIcon;
				CODE_SIGN_ENTITLEMENTS = Astrometry/Astrometry.entitlements;
				CODE_SIGN_IDENTITY = "iPhone Developer";
				"CODE_SIGN_IDENTITY[sdk=iphoneos*]" = "iPhone Developer";
				INFOPLIST_FILE = Astrometry/Info.plist;
				IPHONEOS_DEPLOYMENT_TARGET = 8.0;
				LD_RUNPATH_SEARCH_PATHS = "$(inherited) @executable_path/Frameworks";
				PRODUCT_NAME = "$(TARGET_NAME)";
				PROVISIONING_PROFILE = "";
			};
			name = Release;
		};
		35E85A911A58884700D8CBB8 /* Debug */ = {
			isa = XCBuildConfiguration;
			buildSettings = {
				BUNDLE_LOADER = "$(TEST_HOST)";
				FRAMEWORK_SEARCH_PATHS = (
					"$(SDKROOT)/Developer/Library/Frameworks",
					"$(inherited)",
				);
				GCC_PREPROCESSOR_DEFINITIONS = (
					"DEBUG=1",
					"$(inherited)",
				);
				INFOPLIST_FILE = AstrometryTests/Info.plist;
				LD_RUNPATH_SEARCH_PATHS = "$(inherited) @executable_path/Frameworks @loader_path/Frameworks";
				PRODUCT_NAME = "$(TARGET_NAME)";
				TEST_HOST = "$(BUILT_PRODUCTS_DIR)/Astrometry.app/Astrometry";
			};
			name = Debug;
		};
		35E85A921A58884700D8CBB8 /* Release */ = {
			isa = XCBuildConfiguration;
			buildSettings = {
				BUNDLE_LOADER = "$(TEST_HOST)";
				FRAMEWORK_SEARCH_PATHS = (
					"$(SDKROOT)/Developer/Library/Frameworks",
					"$(inherited)",
				);
				INFOPLIST_FILE = AstrometryTests/Info.plist;
				LD_RUNPATH_SEARCH_PATHS = "$(inherited) @executable_path/Frameworks @loader_path/Frameworks";
				PRODUCT_NAME = "$(TARGET_NAME)";
				TEST_HOST = "$(BUILT_PRODUCTS_DIR)/Astrometry.app/Astrometry";
			};
			name = Release;
		};
		35E85ADC1A59C38500D8CBB8 /* Debug */ = {
			isa = XCBuildConfiguration;
			buildSettings = {
				CODE_SIGN_ENTITLEMENTS = AstrometryShareImageExtension/AstrometryShareImageExtension.entitlements;
				CODE_SIGN_IDENTITY = "iPhone Developer";
				"CODE_SIGN_IDENTITY[sdk=iphoneos*]" = "iPhone Developer";
				GCC_PREPROCESSOR_DEFINITIONS = (
					"DEBUG=1",
					"$(inherited)",
				);
				INFOPLIST_FILE = AstrometryShareImageExtension/Info.plist;
				LD_RUNPATH_SEARCH_PATHS = "$(inherited) @executable_path/Frameworks @executable_path/../../Frameworks";
				OTHER_CFLAGS = "-DEXTENSION_TARGET";
				PRODUCT_NAME = "$(TARGET_NAME)";
				PROVISIONING_PROFILE = "";
				SKIP_INSTALL = YES;
			};
			name = Debug;
		};
		35E85ADD1A59C38500D8CBB8 /* Release */ = {
			isa = XCBuildConfiguration;
			buildSettings = {
				CODE_SIGN_ENTITLEMENTS = AstrometryShareImageExtension/AstrometryShareImageExtension.entitlements;
				CODE_SIGN_IDENTITY = "iPhone Developer";
				"CODE_SIGN_IDENTITY[sdk=iphoneos*]" = "iPhone Developer";
				INFOPLIST_FILE = AstrometryShareImageExtension/Info.plist;
				LD_RUNPATH_SEARCH_PATHS = "$(inherited) @executable_path/Frameworks @executable_path/../../Frameworks";
				OTHER_CFLAGS = "-DEXTENSION_TARGET";
				PRODUCT_NAME = "$(TARGET_NAME)";
				PROVISIONING_PROFILE = "";
				SKIP_INSTALL = YES;
			};
			name = Release;
		};
/* End XCBuildConfiguration section */

/* Begin XCConfigurationList section */
		35E85A651A58884600D8CBB8 /* Build configuration list for PBXProject "Astrometry" */ = {
			isa = XCConfigurationList;
			buildConfigurations = (
				35E85A8B1A58884700D8CBB8 /* Debug */,
				35E85A8C1A58884700D8CBB8 /* Release */,
			);
			defaultConfigurationIsVisible = 0;
			defaultConfigurationName = Release;
		};
		35E85A8D1A58884700D8CBB8 /* Build configuration list for PBXNativeTarget "Astrometry" */ = {
			isa = XCConfigurationList;
			buildConfigurations = (
				35E85A8E1A58884700D8CBB8 /* Debug */,
				35E85A8F1A58884700D8CBB8 /* Release */,
			);
			defaultConfigurationIsVisible = 0;
		};
		35E85A901A58884700D8CBB8 /* Build configuration list for PBXNativeTarget "AstrometryTests" */ = {
			isa = XCConfigurationList;
			buildConfigurations = (
				35E85A911A58884700D8CBB8 /* Debug */,
				35E85A921A58884700D8CBB8 /* Release */,
			);
			defaultConfigurationIsVisible = 0;
		};
		35E85ADB1A59C38500D8CBB8 /* Build configuration list for PBXNativeTarget "AstrometryShareImageExtension" */ = {
			isa = XCConfigurationList;
			buildConfigurations = (
				35E85ADC1A59C38500D8CBB8 /* Debug */,
				35E85ADD1A59C38500D8CBB8 /* Release */,
			);
			defaultConfigurationIsVisible = 0;
		};
/* End XCConfigurationList section */
	};
	rootObject = 35E85A621A58884600D8CBB8 /* Project object */;
}
